
Microsoft Visual Studio Solution File, Format Version 12.00
# Visual Studio 15
VisualStudioVersion = 15.0.26124.0
MinimumVisualStudioVersion = 15.0.26124.0
Project("{FAE04EC0-301F-11D3-BF4B-00C04F79EFBC}") = "Net.SDS.ServiceDiscovery.API", "Net.SDS.ServiceDiscovery.API\Net.SDS.ServiceDiscovery.API.csproj", "{D611E9FF-B998-4301-96C1-BA2D41C46C17}"
EndProject
Project("{FAE04EC0-301F-11D3-BF4B-00C04F79EFBC}") = "Net.SDS.ServiceDiscovery.Abstractions", "Net.SDS.ServiceDiscovery.Core.Abstractions\Net.SDS.ServiceDiscovery.Abstractions.csproj", "{26070E54-D633-4474-A2B5-30481BCCEFC0}"
EndProject
Project("{FAE04EC0-301F-11D3-BF4B-00C04F79EFBC}") = "Net.SDS.ServiceDiscovery.DataAccess", "Net.SDS.ServiceDiscovery.DataAccess\Net.SDS.ServiceDiscovery.DataAccess.csproj", "{51584158-326B-4AAC-9808-FABA9D705320}"
EndProject
Project("{FAE04EC0-301F-11D3-BF4B-00C04F79EFBC}") = "Net.SDS.ServiceDiscovery.RegistryService", "Net.SDS.ServiceDiscovery.Core.Registry\Net.SDS.ServiceDiscovery.RegistryService.csproj", "{2F2C86A9-2625-48E8-A52C-7EBD2F15EAFF}"
EndProject
Project("{2150E333-8FDC-42A3-9474-1A3956D46DE8}") = "DataAccess", "DataAccess", "{C1F6BBCC-021D-451A-B72C-A994DD7DE23F}"
EndProject
Project("{2150E333-8FDC-42A3-9474-1A3956D46DE8}") = "Core", "Core", "{7362B29D-C534-4AEE-A0E0-55E1C5103AD1}"
EndProject
Project("{FAE04EC0-301F-11D3-BF4B-00C04F79EFBC}") = "Net.SDS.ServiceDiscovery.DataAccess.Abstractions", "Net.SDS.ServiceDiscovery.DataAccess.Abstractions\Net.SDS.ServiceDiscovery.DataAccess.Abstractions.csproj", "{0D7FEC56-53F3-4C6F-9957-8B0D1E5A8B2D}"
EndProject
Global
	GlobalSection(SolutionConfigurationPlatforms) = preSolution
		Debug|Any CPU = Debug|Any CPU
		Debug|x64 = Debug|x64
		Debug|x86 = Debug|x86
		Release|Any CPU = Release|Any CPU
		Release|x64 = Release|x64
		Release|x86 = Release|x86
	EndGlobalSection
	GlobalSection(SolutionProperties) = preSolution
		HideSolutionNode = FALSE
	EndGlobalSection
	GlobalSection(ProjectConfigurationPlatforms) = postSolution
		{D611E9FF-B998-4301-96C1-BA2D41C46C17}.Debug|Any CPU.ActiveCfg = Debug|Any CPU
		{D611E9FF-B998-4301-96C1-BA2D41C46C17}.Debug|Any CPU.Build.0 = Debug|Any CPU
		{D611E9FF-B998-4301-96C1-BA2D41C46C17}.Debug|x64.ActiveCfg = Debug|x64
		{D611E9FF-B998-4301-96C1-BA2D41C46C17}.Debug|x64.Build.0 = Debug|x64
		{D611E9FF-B998-4301-96C1-BA2D41C46C17}.Debug|x86.ActiveCfg = Debug|x86
		{D611E9FF-B998-4301-96C1-BA2D41C46C17}.Debug|x86.Build.0 = Debug|x86
		{D611E9FF-B998-4301-96C1-BA2D41C46C17}.Release|Any CPU.ActiveCfg = Release|Any CPU
		{D611E9FF-B998-4301-96C1-BA2D41C46C17}.Release|Any CPU.Build.0 = Release|Any CPU
		{D611E9FF-B998-4301-96C1-BA2D41C46C17}.Release|x64.ActiveCfg = Release|x64
		{D611E9FF-B998-4301-96C1-BA2D41C46C17}.Release|x64.Build.0 = Release|x64
		{D611E9FF-B998-4301-96C1-BA2D41C46C17}.Release|x86.ActiveCfg = Release|x86
		{D611E9FF-B998-4301-96C1-BA2D41C46C17}.Release|x86.Build.0 = Release|x86
		{26070E54-D633-4474-A2B5-30481BCCEFC0}.Debug|Any CPU.ActiveCfg = Debug|Any CPU
		{26070E54-D633-4474-A2B5-30481BCCEFC0}.Debug|Any CPU.Build.0 = Debug|Any CPU
		{26070E54-D633-4474-A2B5-30481BCCEFC0}.Debug|x64.ActiveCfg = Debug|Any CPU
		{26070E54-D633-4474-A2B5-30481BCCEFC0}.Debug|x64.Build.0 = Debug|Any CPU
		{26070E54-D633-4474-A2B5-30481BCCEFC0}.Debug|x86.ActiveCfg = Debug|Any CPU
		{26070E54-D633-4474-A2B5-30481BCCEFC0}.Debug|x86.Build.0 = Debug|Any CPU
		{26070E54-D633-4474-A2B5-30481BCCEFC0}.Release|Any CPU.ActiveCfg = Release|Any CPU
		{26070E54-D633-4474-A2B5-30481BCCEFC0}.Release|Any CPU.Build.0 = Release|Any CPU
		{26070E54-D633-4474-A2B5-30481BCCEFC0}.Release|x64.ActiveCfg = Release|Any CPU
		{26070E54-D633-4474-A2B5-30481BCCEFC0}.Release|x64.Build.0 = Release|Any CPU
		{26070E54-D633-4474-A2B5-30481BCCEFC0}.Release|x86.ActiveCfg = Release|Any CPU
		{26070E54-D633-4474-A2B5-30481BCCEFC0}.Release|x86.Build.0 = Release|Any CPU
		{51584158-326B-4AAC-9808-FABA9D705320}.Debug|Any CPU.ActiveCfg = Debug|Any CPU
		{51584158-326B-4AAC-9808-FABA9D705320}.Debug|Any CPU.Build.0 = Debug|Any CPU
		{51584158-326B-4AAC-9808-FABA9D705320}.Debug|x64.ActiveCfg = Debug|Any CPU
		{51584158-326B-4AAC-9808-FABA9D705320}.Debug|x64.Build.0 = Debug|Any CPU
		{51584158-326B-4AAC-9808-FABA9D705320}.Debug|x86.ActiveCfg = Debug|Any CPU
		{51584158-326B-4AAC-9808-FABA9D705320}.Debug|x86.Build.0 = Debug|Any CPU
		{51584158-326B-4AAC-9808-FABA9D705320}.Release|Any CPU.ActiveCfg = Release|Any CPU
		{51584158-326B-4AAC-9808-FABA9D705320}.Release|Any CPU.Build.0 = Release|Any CPU
		{51584158-326B-4AAC-9808-FABA9D705320}.Release|x64.ActiveCfg = Release|Any CPU
		{51584158-326B-4AAC-9808-FABA9D705320}.Release|x64.Build.0 = Release|Any CPU
		{51584158-326B-4AAC-9808-FABA9D705320}.Release|x86.ActiveCfg = Release|Any CPU
		{51584158-326B-4AAC-9808-FABA9D705320}.Release|x86.Build.0 = Release|Any CPU
		{2F2C86A9-2625-48E8-A52C-7EBD2F15EAFF}.Debug|Any CPU.ActiveCfg = Debug|Any CPU
		{2F2C86A9-2625-48E8-A52C-7EBD2F15EAFF}.Debug|Any CPU.Build.0 = Debug|Any CPU
		{2F2C86A9-2625-48E8-A52C-7EBD2F15EAFF}.Debug|x64.ActiveCfg = Debug|Any CPU
		{2F2C86A9-2625-48E8-A52C-7EBD2F15EAFF}.Debug|x64.Build.0 = Debug|Any CPU
		{2F2C86A9-2625-48E8-A52C-7EBD2F15EAFF}.Debug|x86.ActiveCfg = Debug|Any CPU
		{2F2C86A9-2625-48E8-A52C-7EBD2F15EAFF}.Debug|x86.Build.0 = Debug|Any CPU
		{2F2C86A9-2625-48E8-A52C-7EBD2F15EAFF}.Release|Any CPU.ActiveCfg = Release|Any CPU
		{2F2C86A9-2625-48E8-A52C-7EBD2F15EAFF}.Release|Any CPU.Build.0 = Release|Any CPU
		{2F2C86A9-2625-48E8-A52C-7EBD2F15EAFF}.Release|x64.ActiveCfg = Release|Any CPU
		{2F2C86A9-2625-48E8-A52C-7EBD2F15EAFF}.Release|x64.Build.0 = Release|Any CPU
		{2F2C86A9-2625-48E8-A52C-7EBD2F15EAFF}.Release|x86.ActiveCfg = Release|Any CPU
		{2F2C86A9-2625-48E8-A52C-7EBD2F15EAFF}.Release|x86.Build.0 = Release|Any CPU
		{0D7FEC56-53F3-4C6F-9957-8B0D1E5A8B2D}.Debug|Any CPU.ActiveCfg = Debug|Any CPU
		{0D7FEC56-53F3-4C6F-9957-8B0D1E5A8B2D}.Debug|Any CPU.Build.0 = Debug|Any CPU
		{0D7FEC56-53F3-4C6F-9957-8B0D1E5A8B2D}.Debug|x64.ActiveCfg = Debug|Any CPU
		{0D7FEC56-53F3-4C6F-9957-8B0D1E5A8B2D}.Debug|x64.Build.0 = Debug|Any CPU
		{0D7FEC56-53F3-4C6F-9957-8B0D1E5A8B2D}.Debug|x86.ActiveCfg = Debug|Any CPU
		{0D7FEC56-53F3-4C6F-9957-8B0D1E5A8B2D}.Debug|x86.Build.0 = Debug|Any CPU
		{0D7FEC56-53F3-4C6F-9957-8B0D1E5A8B2D}.Release|Any CPU.ActiveCfg = Release|Any CPU
		{0D7FEC56-53F3-4C6F-9957-8B0D1E5A8B2D}.Release|Any CPU.Build.0 = Release|Any CPU
		{0D7FEC56-53F3-4C6F-9957-8B0D1E5A8B2D}.Release|x64.ActiveCfg = Release|Any CPU
		{0D7FEC56-53F3-4C6F-9957-8B0D1E5A8B2D}.Release|x64.Build.0 = Release|Any CPU
		{0D7FEC56-53F3-4C6F-9957-8B0D1E5A8B2D}.Release|x86.ActiveCfg = Release|Any CPU
		{0D7FEC56-53F3-4C6F-9957-8B0D1E5A8B2D}.Release|x86.Build.0 = Release|Any CPU
	EndGlobalSection
	GlobalSection(NestedProjects) = preSolution
		{51584158-326B-4AAC-9808-FABA9D705320} = {C1F6BBCC-021D-451A-B72C-A994DD7DE23F}
		{2F2C86A9-2625-48E8-A52C-7EBD2F15EAFF} = {7362B29D-C534-4AEE-A0E0-55E1C5103AD1}
		{0D7FEC56-53F3-4C6F-9957-8B0D1E5A8B2D} = {C1F6BBCC-021D-451A-B72C-A994DD7DE23F}
		{26070E54-D633-4474-A2B5-30481BCCEFC0} = {7362B29D-C534-4AEE-A0E0-55E1C5103AD1}
	EndGlobalSection
EndGlobal
