
Microsoft Visual Studio Solution File, Format Version 12.00
# Visual Studio 15
VisualStudioVersion = 15.0.26124.0
MinimumVisualStudioVersion = 15.0.26124.0
Project("{2150E333-8FDC-42A3-9474-1A3956D46DE8}") = "DataAccess", "DataAccess", "{AE6D552D-6819-4F64-AD89-3ACD7529616A}"
EndProject
Project("{2150E333-8FDC-42A3-9474-1A3956D46DE8}") = "Core", "Core", "{4FD21A08-08FB-41F3-BE53-2A2339E1443D}"
EndProject
Project("{FAE04EC0-301F-11D3-BF4B-00C04F79EFBC}") = "Net.SDS.Registry.API", "Net.SDS.Registry.API\Net.SDS.Registry.API.csproj", "{07054336-89D2-4571-9129-62C6D0387381}"
EndProject
Project("{FAE04EC0-301F-11D3-BF4B-00C04F79EFBC}") = "Net.SDS.Registry.DataAccess", "Net.SDS.Registry.DataAccess\Net.SDS.Registry.DataAccess.csproj", "{36B0FFDB-CDBB-4258-898A-736CFB7FE6E2}"
EndProject
Project("{FAE04EC0-301F-11D3-BF4B-00C04F79EFBC}") = "Net.SDS.Registry.DataAccess.Abstractions", "Net.SDS.Registry.DataAccess.Abstractions\Net.SDS.Registry.DataAccess.Abstractions.csproj", "{35E31116-027F-444A-AC06-1D0CD4685BD1}"
EndProject
Project("{FAE04EC0-301F-11D3-BF4B-00C04F79EFBC}") = "Net.SDS.Registry.Core.RegistryService", "Net.SDS.Registry.Core.RegistryService\Net.SDS.Registry.Core.RegistryService.csproj", "{75948931-6194-4BA0-8F31-72A0D04622B9}"
EndProject
Project("{FAE04EC0-301F-11D3-BF4B-00C04F79EFBC}") = "Net.SDS.Registry.Core.Abstractions", "Net.SDS.Registry.Core.Abstractions\Net.SDS.Registry.Core.Abstractions.csproj", "{952836B9-5929-4B9F-B38A-E6F1C4B6F3E4}"
EndProject
Project("{FAE04EC0-301F-11D3-BF4B-00C04F79EFBC}") = "Net.SDS.Registry.CompositionRoot", "Net.SDS.Registry.CompositionRoot\Net.SDS.Registry.CompositionRoot.csproj", "{88578E9C-46BF-41CA-A4C7-93806992A1BE}"
EndProject
Project("{2150E333-8FDC-42A3-9474-1A3956D46DE8}") = "Tests", "Tests", "{723267BA-1ED5-4C03-8A09-53B4EDD11751}"
EndProject
Project("{FAE04EC0-301F-11D3-BF4B-00C04F79EFBC}") = "Net.SDS.Registry.IntegrationTests", "Tests\Net.SDS.Registry.IntegrationTests\Net.SDS.Registry.IntegrationTests.csproj", "{B731B78B-CEA6-44C3-A6DE-9D42BFD5F7CE}"
EndProject
Global
	GlobalSection(SolutionConfigurationPlatforms) = preSolution
		Debug|Any CPU = Debug|Any CPU
		Debug|x64 = Debug|x64
		Debug|x86 = Debug|x86
		Release|Any CPU = Release|Any CPU
		Release|x64 = Release|x64
		Release|x86 = Release|x86
	EndGlobalSection
	GlobalSection(SolutionProperties) = preSolution
		HideSolutionNode = FALSE
	EndGlobalSection
	GlobalSection(ProjectConfigurationPlatforms) = postSolution
		{07054336-89D2-4571-9129-62C6D0387381}.Debug|Any CPU.ActiveCfg = Debug|Any CPU
		{07054336-89D2-4571-9129-62C6D0387381}.Debug|Any CPU.Build.0 = Debug|Any CPU
		{07054336-89D2-4571-9129-62C6D0387381}.Debug|x64.ActiveCfg = Debug|Any CPU
		{07054336-89D2-4571-9129-62C6D0387381}.Debug|x64.Build.0 = Debug|Any CPU
		{07054336-89D2-4571-9129-62C6D0387381}.Debug|x86.ActiveCfg = Debug|Any CPU
		{07054336-89D2-4571-9129-62C6D0387381}.Debug|x86.Build.0 = Debug|Any CPU
		{07054336-89D2-4571-9129-62C6D0387381}.Release|Any CPU.ActiveCfg = Release|Any CPU
		{07054336-89D2-4571-9129-62C6D0387381}.Release|Any CPU.Build.0 = Release|Any CPU
		{07054336-89D2-4571-9129-62C6D0387381}.Release|x64.ActiveCfg = Release|Any CPU
		{07054336-89D2-4571-9129-62C6D0387381}.Release|x64.Build.0 = Release|Any CPU
		{07054336-89D2-4571-9129-62C6D0387381}.Release|x86.ActiveCfg = Release|Any CPU
		{07054336-89D2-4571-9129-62C6D0387381}.Release|x86.Build.0 = Release|Any CPU
		{36B0FFDB-CDBB-4258-898A-736CFB7FE6E2}.Debug|Any CPU.ActiveCfg = Debug|Any CPU
		{36B0FFDB-CDBB-4258-898A-736CFB7FE6E2}.Debug|Any CPU.Build.0 = Debug|Any CPU
		{36B0FFDB-CDBB-4258-898A-736CFB7FE6E2}.Debug|x64.ActiveCfg = Debug|Any CPU
		{36B0FFDB-CDBB-4258-898A-736CFB7FE6E2}.Debug|x64.Build.0 = Debug|Any CPU
		{36B0FFDB-CDBB-4258-898A-736CFB7FE6E2}.Debug|x86.ActiveCfg = Debug|Any CPU
		{36B0FFDB-CDBB-4258-898A-736CFB7FE6E2}.Debug|x86.Build.0 = Debug|Any CPU
		{36B0FFDB-CDBB-4258-898A-736CFB7FE6E2}.Release|Any CPU.ActiveCfg = Release|Any CPU
		{36B0FFDB-CDBB-4258-898A-736CFB7FE6E2}.Release|Any CPU.Build.0 = Release|Any CPU
		{36B0FFDB-CDBB-4258-898A-736CFB7FE6E2}.Release|x64.ActiveCfg = Release|Any CPU
		{36B0FFDB-CDBB-4258-898A-736CFB7FE6E2}.Release|x64.Build.0 = Release|Any CPU
		{36B0FFDB-CDBB-4258-898A-736CFB7FE6E2}.Release|x86.ActiveCfg = Release|Any CPU
		{36B0FFDB-CDBB-4258-898A-736CFB7FE6E2}.Release|x86.Build.0 = Release|Any CPU
		{35E31116-027F-444A-AC06-1D0CD4685BD1}.Debug|Any CPU.ActiveCfg = Debug|Any CPU
		{35E31116-027F-444A-AC06-1D0CD4685BD1}.Debug|Any CPU.Build.0 = Debug|Any CPU
		{35E31116-027F-444A-AC06-1D0CD4685BD1}.Debug|x64.ActiveCfg = Debug|Any CPU
		{35E31116-027F-444A-AC06-1D0CD4685BD1}.Debug|x64.Build.0 = Debug|Any CPU
		{35E31116-027F-444A-AC06-1D0CD4685BD1}.Debug|x86.ActiveCfg = Debug|Any CPU
		{35E31116-027F-444A-AC06-1D0CD4685BD1}.Debug|x86.Build.0 = Debug|Any CPU
		{35E31116-027F-444A-AC06-1D0CD4685BD1}.Release|Any CPU.ActiveCfg = Release|Any CPU
		{35E31116-027F-444A-AC06-1D0CD4685BD1}.Release|Any CPU.Build.0 = Release|Any CPU
		{35E31116-027F-444A-AC06-1D0CD4685BD1}.Release|x64.ActiveCfg = Release|Any CPU
		{35E31116-027F-444A-AC06-1D0CD4685BD1}.Release|x64.Build.0 = Release|Any CPU
		{35E31116-027F-444A-AC06-1D0CD4685BD1}.Release|x86.ActiveCfg = Release|Any CPU
		{35E31116-027F-444A-AC06-1D0CD4685BD1}.Release|x86.Build.0 = Release|Any CPU
		{75948931-6194-4BA0-8F31-72A0D04622B9}.Debug|Any CPU.ActiveCfg = Debug|Any CPU
		{75948931-6194-4BA0-8F31-72A0D04622B9}.Debug|Any CPU.Build.0 = Debug|Any CPU
		{75948931-6194-4BA0-8F31-72A0D04622B9}.Debug|x64.ActiveCfg = Debug|Any CPU
		{75948931-6194-4BA0-8F31-72A0D04622B9}.Debug|x64.Build.0 = Debug|Any CPU
		{75948931-6194-4BA0-8F31-72A0D04622B9}.Debug|x86.ActiveCfg = Debug|Any CPU
		{75948931-6194-4BA0-8F31-72A0D04622B9}.Debug|x86.Build.0 = Debug|Any CPU
		{75948931-6194-4BA0-8F31-72A0D04622B9}.Release|Any CPU.ActiveCfg = Release|Any CPU
		{75948931-6194-4BA0-8F31-72A0D04622B9}.Release|Any CPU.Build.0 = Release|Any CPU
		{75948931-6194-4BA0-8F31-72A0D04622B9}.Release|x64.ActiveCfg = Release|Any CPU
		{75948931-6194-4BA0-8F31-72A0D04622B9}.Release|x64.Build.0 = Release|Any CPU
		{75948931-6194-4BA0-8F31-72A0D04622B9}.Release|x86.ActiveCfg = Release|Any CPU
		{75948931-6194-4BA0-8F31-72A0D04622B9}.Release|x86.Build.0 = Release|Any CPU
		{952836B9-5929-4B9F-B38A-E6F1C4B6F3E4}.Debug|Any CPU.ActiveCfg = Debug|Any CPU
		{952836B9-5929-4B9F-B38A-E6F1C4B6F3E4}.Debug|Any CPU.Build.0 = Debug|Any CPU
		{952836B9-5929-4B9F-B38A-E6F1C4B6F3E4}.Debug|x64.ActiveCfg = Debug|Any CPU
		{952836B9-5929-4B9F-B38A-E6F1C4B6F3E4}.Debug|x64.Build.0 = Debug|Any CPU
		{952836B9-5929-4B9F-B38A-E6F1C4B6F3E4}.Debug|x86.ActiveCfg = Debug|Any CPU
		{952836B9-5929-4B9F-B38A-E6F1C4B6F3E4}.Debug|x86.Build.0 = Debug|Any CPU
		{952836B9-5929-4B9F-B38A-E6F1C4B6F3E4}.Release|Any CPU.ActiveCfg = Release|Any CPU
		{952836B9-5929-4B9F-B38A-E6F1C4B6F3E4}.Release|Any CPU.Build.0 = Release|Any CPU
		{952836B9-5929-4B9F-B38A-E6F1C4B6F3E4}.Release|x64.ActiveCfg = Release|Any CPU
		{952836B9-5929-4B9F-B38A-E6F1C4B6F3E4}.Release|x64.Build.0 = Release|Any CPU
		{952836B9-5929-4B9F-B38A-E6F1C4B6F3E4}.Release|x86.ActiveCfg = Release|Any CPU
		{952836B9-5929-4B9F-B38A-E6F1C4B6F3E4}.Release|x86.Build.0 = Release|Any CPU
		{88578E9C-46BF-41CA-A4C7-93806992A1BE}.Debug|Any CPU.ActiveCfg = Debug|Any CPU
		{88578E9C-46BF-41CA-A4C7-93806992A1BE}.Debug|Any CPU.Build.0 = Debug|Any CPU
		{88578E9C-46BF-41CA-A4C7-93806992A1BE}.Debug|x64.ActiveCfg = Debug|Any CPU
		{88578E9C-46BF-41CA-A4C7-93806992A1BE}.Debug|x64.Build.0 = Debug|Any CPU
		{88578E9C-46BF-41CA-A4C7-93806992A1BE}.Debug|x86.ActiveCfg = Debug|Any CPU
		{88578E9C-46BF-41CA-A4C7-93806992A1BE}.Debug|x86.Build.0 = Debug|Any CPU
		{88578E9C-46BF-41CA-A4C7-93806992A1BE}.Release|Any CPU.ActiveCfg = Release|Any CPU
		{88578E9C-46BF-41CA-A4C7-93806992A1BE}.Release|Any CPU.Build.0 = Release|Any CPU
		{88578E9C-46BF-41CA-A4C7-93806992A1BE}.Release|x64.ActiveCfg = Release|Any CPU
		{88578E9C-46BF-41CA-A4C7-93806992A1BE}.Release|x64.Build.0 = Release|Any CPU
		{88578E9C-46BF-41CA-A4C7-93806992A1BE}.Release|x86.ActiveCfg = Release|Any CPU
		{88578E9C-46BF-41CA-A4C7-93806992A1BE}.Release|x86.Build.0 = Release|Any CPU
		{B731B78B-CEA6-44C3-A6DE-9D42BFD5F7CE}.Debug|Any CPU.ActiveCfg = Debug|Any CPU
		{B731B78B-CEA6-44C3-A6DE-9D42BFD5F7CE}.Debug|Any CPU.Build.0 = Debug|Any CPU
		{B731B78B-CEA6-44C3-A6DE-9D42BFD5F7CE}.Debug|x64.ActiveCfg = Debug|Any CPU
		{B731B78B-CEA6-44C3-A6DE-9D42BFD5F7CE}.Debug|x64.Build.0 = Debug|Any CPU
		{B731B78B-CEA6-44C3-A6DE-9D42BFD5F7CE}.Debug|x86.ActiveCfg = Debug|Any CPU
		{B731B78B-CEA6-44C3-A6DE-9D42BFD5F7CE}.Debug|x86.Build.0 = Debug|Any CPU
		{B731B78B-CEA6-44C3-A6DE-9D42BFD5F7CE}.Release|Any CPU.ActiveCfg = Release|Any CPU
		{B731B78B-CEA6-44C3-A6DE-9D42BFD5F7CE}.Release|Any CPU.Build.0 = Release|Any CPU
		{B731B78B-CEA6-44C3-A6DE-9D42BFD5F7CE}.Release|x64.ActiveCfg = Release|Any CPU
		{B731B78B-CEA6-44C3-A6DE-9D42BFD5F7CE}.Release|x64.Build.0 = Release|Any CPU
		{B731B78B-CEA6-44C3-A6DE-9D42BFD5F7CE}.Release|x86.ActiveCfg = Release|Any CPU
		{B731B78B-CEA6-44C3-A6DE-9D42BFD5F7CE}.Release|x86.Build.0 = Release|Any CPU
	EndGlobalSection
	GlobalSection(NestedProjects) = preSolution
		{36B0FFDB-CDBB-4258-898A-736CFB7FE6E2} = {AE6D552D-6819-4F64-AD89-3ACD7529616A}
		{35E31116-027F-444A-AC06-1D0CD4685BD1} = {AE6D552D-6819-4F64-AD89-3ACD7529616A}
		{75948931-6194-4BA0-8F31-72A0D04622B9} = {4FD21A08-08FB-41F3-BE53-2A2339E1443D}
		{952836B9-5929-4B9F-B38A-E6F1C4B6F3E4} = {4FD21A08-08FB-41F3-BE53-2A2339E1443D}
		{B731B78B-CEA6-44C3-A6DE-9D42BFD5F7CE} = {723267BA-1ED5-4C03-8A09-53B4EDD11751}
	EndGlobalSection
EndGlobal
