Microsoft Visual Studio Solution File, Format Version 12.00
# Visual Studio 15
VisualStudioVersion = 15.0.27130.2027
MinimumVisualStudioVersion = 15.0.26124.0
Project("{2150E333-8FDC-42A3-9474-1A3956D46DE8}") = "Net.SDS.Registry.DataAccess", "Net.SDS.Registry.DataAccess", "{AE6D552D-6819-4F64-AD89-3ACD7529616A}"
EndProject
Project("{2150E333-8FDC-42A3-9474-1A3956D46DE8}") = "Net.SDS.Registry.Core", "Net.SDS.Registry.Core", "{4FD21A08-08FB-41F3-BE53-2A2339E1443D}"
EndProject
Project("{9A19103F-16F7-4668-BE54-9A1E7A4F7556}") = "Net.SDS.Registry.API", "Net.SDS.Registry\Net.SDS.Registry.API\Net.SDS.Registry.API.csproj", "{07054336-89D2-4571-9129-62C6D0387381}"
EndProject
Project("{9A19103F-16F7-4668-BE54-9A1E7A4F7556}") = "Net.SDS.Registry.DataAccess", "Net.SDS.Registry\Net.SDS.Registry.DataAccess\Net.SDS.Registry.DataAccess.csproj", "{36B0FFDB-CDBB-4258-898A-736CFB7FE6E2}"
EndProject
Project("{9A19103F-16F7-4668-BE54-9A1E7A4F7556}") = "Net.SDS.Registry.DataAccess.Abstractions", "Net.SDS.Registry\Net.SDS.Registry.DataAccess.Abstractions\Net.SDS.Registry.DataAccess.Abstractions.csproj", "{35E31116-027F-444A-AC06-1D0CD4685BD1}"
EndProject
Project("{9A19103F-16F7-4668-BE54-9A1E7A4F7556}") = "Net.SDS.Registry.Core.RegistryService", "Net.SDS.Registry\Net.SDS.Registry.Core.RegistryService\Net.SDS.Registry.Core.RegistryService.csproj", "{75948931-6194-4BA0-8F31-72A0D04622B9}"
EndProject
Project("{9A19103F-16F7-4668-BE54-9A1E7A4F7556}") = "Net.SDS.Registry.Core.Abstractions", "Net.SDS.Registry\Net.SDS.Registry.Core.Abstractions\Net.SDS.Registry.Core.Abstractions.csproj", "{952836B9-5929-4B9F-B38A-E6F1C4B6F3E4}"
EndProject
Project("{9A19103F-16F7-4668-BE54-9A1E7A4F7556}") = "Net.SDS.Registry.CompositionRoot", "Net.SDS.Registry\Net.SDS.Registry.CompositionRoot\Net.SDS.Registry.CompositionRoot.csproj", "{88578E9C-46BF-41CA-A4C7-93806992A1BE}"
EndProject
Project("{2150E333-8FDC-42A3-9474-1A3956D46DE8}") = "Net.SDS.Registry.Tests", "Net.SDS.Registry.Tests", "{723267BA-1ED5-4C03-8A09-53B4EDD11751}"
EndProject
Project("{9A19103F-16F7-4668-BE54-9A1E7A4F7556}") = "Net.SDS.Registry.IntegrationTests", "Net.SDS.Registry\Tests\Net.SDS.Registry.IntegrationTests\Net.SDS.Registry.IntegrationTests.csproj", "{9E106977-529A-4C15-B92F-C9C000775CBB}"
EndProject
Project("{2150E333-8FDC-42A3-9474-1A3956D46DE8}") = "Net.SDS.Registry", "Net.SDS.Registry", "{4885D135-2595-4AA5-9FCB-3578D46B2881}"
EndProject
Project("{2150E333-8FDC-42A3-9474-1A3956D46DE8}") = "Sample", "Sample", "{706B5E84-9F31-4605-A197-D79D477B00E3}"
EndProject
Project("{9A19103F-16F7-4668-BE54-9A1E7A4F7556}") = "Service.A", "Sample\Service.A\Service.A.csproj", "{EA51CC84-2541-47F7-97BD-A43191CFE315}"
EndProject
Project("{9A19103F-16F7-4668-BE54-9A1E7A4F7556}") = "Service.B", "Sample\Service.B\Service.B.csproj", "{B49026D0-383E-4CAA-BFC8-817E3329EDFD}"
EndProject
Project("{9A19103F-16F7-4668-BE54-9A1E7A4F7556}") = "Service.C", "Sample\Service.C\Service.C.csproj", "{84E2815C-15AB-441A-B2F3-36E8B66A47F2}"
EndProject
Project("{E53339B2-1760-4266-BCC7-CA923CBCF16C}") = "docker-compose", "Sample\docker-compose\docker-compose.dcproj", "{8896FE29-A17E-473A-8E51-AEA89F89ABA0}"
EndProject
Project("{2150E333-8FDC-42A3-9474-1A3956D46DE8}") = "Net.SDS.HealthCheck", "Net.SDS.HealthCheck", "{B64C16D0-FBB5-4390-A1D5-DCE63D76B908}"
EndProject
Project("{9A19103F-16F7-4668-BE54-9A1E7A4F7556}") = "Net.SDS.HealthCheck.API", "Net.SDS.HealthCheck\Net.SDS.HealthCheck.API\Net.SDS.HealthCheck.API.csproj", "{14099103-06F4-4CBF-8B08-AD57B7E7B8AF}"
EndProject
Project("{9A19103F-16F7-4668-BE54-9A1E7A4F7556}") = "Net.SDS.HeathCheck.Service", "Net.SDS.HealthCheck\Net.SDS.HeathCheck.Service\Net.SDS.HeathCheck.Service.csproj", "{247A3616-D9AE-4A76-89A0-8EB13734E0AD}"
EndProject
Global
	GlobalSection(SolutionConfigurationPlatforms) = preSolution
		Debug|Any CPU = Debug|Any CPU
		Debug|x64 = Debug|x64
		Debug|x86 = Debug|x86
		Release|Any CPU = Release|Any CPU
		Release|x64 = Release|x64
		Release|x86 = Release|x86
	EndGlobalSection
	GlobalSection(ProjectConfigurationPlatforms) = postSolution
		{07054336-89D2-4571-9129-62C6D0387381}.Debug|Any CPU.ActiveCfg = Debug|Any CPU
		{07054336-89D2-4571-9129-62C6D0387381}.Debug|Any CPU.Build.0 = Debug|Any CPU
		{07054336-89D2-4571-9129-62C6D0387381}.Debug|x64.ActiveCfg = Debug|Any CPU
		{07054336-89D2-4571-9129-62C6D0387381}.Debug|x64.Build.0 = Debug|Any CPU
		{07054336-89D2-4571-9129-62C6D0387381}.Debug|x86.ActiveCfg = Debug|Any CPU
		{07054336-89D2-4571-9129-62C6D0387381}.Debug|x86.Build.0 = Debug|Any CPU
		{07054336-89D2-4571-9129-62C6D0387381}.Release|Any CPU.ActiveCfg = Release|Any CPU
		{07054336-89D2-4571-9129-62C6D0387381}.Release|Any CPU.Build.0 = Release|Any CPU
		{07054336-89D2-4571-9129-62C6D0387381}.Release|x64.ActiveCfg = Release|Any CPU
		{07054336-89D2-4571-9129-62C6D0387381}.Release|x64.Build.0 = Release|Any CPU
		{07054336-89D2-4571-9129-62C6D0387381}.Release|x86.ActiveCfg = Release|Any CPU
		{07054336-89D2-4571-9129-62C6D0387381}.Release|x86.Build.0 = Release|Any CPU
		{36B0FFDB-CDBB-4258-898A-736CFB7FE6E2}.Debug|Any CPU.ActiveCfg = Debug|Any CPU
		{36B0FFDB-CDBB-4258-898A-736CFB7FE6E2}.Debug|Any CPU.Build.0 = Debug|Any CPU
		{36B0FFDB-CDBB-4258-898A-736CFB7FE6E2}.Debug|x64.ActiveCfg = Debug|Any CPU
		{36B0FFDB-CDBB-4258-898A-736CFB7FE6E2}.Debug|x64.Build.0 = Debug|Any CPU
		{36B0FFDB-CDBB-4258-898A-736CFB7FE6E2}.Debug|x86.ActiveCfg = Debug|Any CPU
		{36B0FFDB-CDBB-4258-898A-736CFB7FE6E2}.Debug|x86.Build.0 = Debug|Any CPU
		{36B0FFDB-CDBB-4258-898A-736CFB7FE6E2}.Release|Any CPU.ActiveCfg = Release|Any CPU
		{36B0FFDB-CDBB-4258-898A-736CFB7FE6E2}.Release|Any CPU.Build.0 = Release|Any CPU
		{36B0FFDB-CDBB-4258-898A-736CFB7FE6E2}.Release|x64.ActiveCfg = Release|Any CPU
		{36B0FFDB-CDBB-4258-898A-736CFB7FE6E2}.Release|x64.Build.0 = Release|Any CPU
		{36B0FFDB-CDBB-4258-898A-736CFB7FE6E2}.Release|x86.ActiveCfg = Release|Any CPU
		{36B0FFDB-CDBB-4258-898A-736CFB7FE6E2}.Release|x86.Build.0 = Release|Any CPU
		{35E31116-027F-444A-AC06-1D0CD4685BD1}.Debug|Any CPU.ActiveCfg = Debug|Any CPU
		{35E31116-027F-444A-AC06-1D0CD4685BD1}.Debug|Any CPU.Build.0 = Debug|Any CPU
		{35E31116-027F-444A-AC06-1D0CD4685BD1}.Debug|x64.ActiveCfg = Debug|Any CPU
		{35E31116-027F-444A-AC06-1D0CD4685BD1}.Debug|x64.Build.0 = Debug|Any CPU
		{35E31116-027F-444A-AC06-1D0CD4685BD1}.Debug|x86.ActiveCfg = Debug|Any CPU
		{35E31116-027F-444A-AC06-1D0CD4685BD1}.Debug|x86.Build.0 = Debug|Any CPU
		{35E31116-027F-444A-AC06-1D0CD4685BD1}.Release|Any CPU.ActiveCfg = Release|Any CPU
		{35E31116-027F-444A-AC06-1D0CD4685BD1}.Release|Any CPU.Build.0 = Release|Any CPU
		{35E31116-027F-444A-AC06-1D0CD4685BD1}.Release|x64.ActiveCfg = Release|Any CPU
		{35E31116-027F-444A-AC06-1D0CD4685BD1}.Release|x64.Build.0 = Release|Any CPU
		{35E31116-027F-444A-AC06-1D0CD4685BD1}.Release|x86.ActiveCfg = Release|Any CPU
		{35E31116-027F-444A-AC06-1D0CD4685BD1}.Release|x86.Build.0 = Release|Any CPU
		{75948931-6194-4BA0-8F31-72A0D04622B9}.Debug|Any CPU.ActiveCfg = Debug|Any CPU
		{75948931-6194-4BA0-8F31-72A0D04622B9}.Debug|Any CPU.Build.0 = Debug|Any CPU
		{75948931-6194-4BA0-8F31-72A0D04622B9}.Debug|x64.ActiveCfg = Debug|Any CPU
		{75948931-6194-4BA0-8F31-72A0D04622B9}.Debug|x64.Build.0 = Debug|Any CPU
		{75948931-6194-4BA0-8F31-72A0D04622B9}.Debug|x86.ActiveCfg = Debug|Any CPU
		{75948931-6194-4BA0-8F31-72A0D04622B9}.Debug|x86.Build.0 = Debug|Any CPU
		{75948931-6194-4BA0-8F31-72A0D04622B9}.Release|Any CPU.ActiveCfg = Release|Any CPU
		{75948931-6194-4BA0-8F31-72A0D04622B9}.Release|Any CPU.Build.0 = Release|Any CPU
		{75948931-6194-4BA0-8F31-72A0D04622B9}.Release|x64.ActiveCfg = Release|Any CPU
		{75948931-6194-4BA0-8F31-72A0D04622B9}.Release|x64.Build.0 = Release|Any CPU
		{75948931-6194-4BA0-8F31-72A0D04622B9}.Release|x86.ActiveCfg = Release|Any CPU
		{75948931-6194-4BA0-8F31-72A0D04622B9}.Release|x86.Build.0 = Release|Any CPU
		{952836B9-5929-4B9F-B38A-E6F1C4B6F3E4}.Debug|Any CPU.ActiveCfg = Debug|Any CPU
		{952836B9-5929-4B9F-B38A-E6F1C4B6F3E4}.Debug|Any CPU.Build.0 = Debug|Any CPU
		{952836B9-5929-4B9F-B38A-E6F1C4B6F3E4}.Debug|x64.ActiveCfg = Debug|Any CPU
		{952836B9-5929-4B9F-B38A-E6F1C4B6F3E4}.Debug|x64.Build.0 = Debug|Any CPU
		{952836B9-5929-4B9F-B38A-E6F1C4B6F3E4}.Debug|x86.ActiveCfg = Debug|Any CPU
		{952836B9-5929-4B9F-B38A-E6F1C4B6F3E4}.Debug|x86.Build.0 = Debug|Any CPU
		{952836B9-5929-4B9F-B38A-E6F1C4B6F3E4}.Release|Any CPU.ActiveCfg = Release|Any CPU
		{952836B9-5929-4B9F-B38A-E6F1C4B6F3E4}.Release|Any CPU.Build.0 = Release|Any CPU
		{952836B9-5929-4B9F-B38A-E6F1C4B6F3E4}.Release|x64.ActiveCfg = Release|Any CPU
		{952836B9-5929-4B9F-B38A-E6F1C4B6F3E4}.Release|x64.Build.0 = Release|Any CPU
		{952836B9-5929-4B9F-B38A-E6F1C4B6F3E4}.Release|x86.ActiveCfg = Release|Any CPU
		{952836B9-5929-4B9F-B38A-E6F1C4B6F3E4}.Release|x86.Build.0 = Release|Any CPU
		{88578E9C-46BF-41CA-A4C7-93806992A1BE}.Debug|Any CPU.ActiveCfg = Debug|Any CPU
		{88578E9C-46BF-41CA-A4C7-93806992A1BE}.Debug|Any CPU.Build.0 = Debug|Any CPU
		{88578E9C-46BF-41CA-A4C7-93806992A1BE}.Debug|x64.ActiveCfg = Debug|Any CPU
		{88578E9C-46BF-41CA-A4C7-93806992A1BE}.Debug|x64.Build.0 = Debug|Any CPU
		{88578E9C-46BF-41CA-A4C7-93806992A1BE}.Debug|x86.ActiveCfg = Debug|Any CPU
		{88578E9C-46BF-41CA-A4C7-93806992A1BE}.Debug|x86.Build.0 = Debug|Any CPU
		{88578E9C-46BF-41CA-A4C7-93806992A1BE}.Release|Any CPU.ActiveCfg = Release|Any CPU
		{88578E9C-46BF-41CA-A4C7-93806992A1BE}.Release|Any CPU.Build.0 = Release|Any CPU
		{88578E9C-46BF-41CA-A4C7-93806992A1BE}.Release|x64.ActiveCfg = Release|Any CPU
		{88578E9C-46BF-41CA-A4C7-93806992A1BE}.Release|x64.Build.0 = Release|Any CPU
		{88578E9C-46BF-41CA-A4C7-93806992A1BE}.Release|x86.ActiveCfg = Release|Any CPU
		{88578E9C-46BF-41CA-A4C7-93806992A1BE}.Release|x86.Build.0 = Release|Any CPU
		{9E106977-529A-4C15-B92F-C9C000775CBB}.Debug|Any CPU.ActiveCfg = Debug|Any CPU
		{9E106977-529A-4C15-B92F-C9C000775CBB}.Debug|Any CPU.Build.0 = Debug|Any CPU
		{9E106977-529A-4C15-B92F-C9C000775CBB}.Debug|x64.ActiveCfg = Debug|Any CPU
		{9E106977-529A-4C15-B92F-C9C000775CBB}.Debug|x64.Build.0 = Debug|Any CPU
		{9E106977-529A-4C15-B92F-C9C000775CBB}.Debug|x86.ActiveCfg = Debug|Any CPU
		{9E106977-529A-4C15-B92F-C9C000775CBB}.Debug|x86.Build.0 = Debug|Any CPU
		{9E106977-529A-4C15-B92F-C9C000775CBB}.Release|Any CPU.ActiveCfg = Release|Any CPU
		{9E106977-529A-4C15-B92F-C9C000775CBB}.Release|Any CPU.Build.0 = Release|Any CPU
		{9E106977-529A-4C15-B92F-C9C000775CBB}.Release|x64.ActiveCfg = Release|Any CPU
		{9E106977-529A-4C15-B92F-C9C000775CBB}.Release|x64.Build.0 = Release|Any CPU
		{9E106977-529A-4C15-B92F-C9C000775CBB}.Release|x86.ActiveCfg = Release|Any CPU
		{9E106977-529A-4C15-B92F-C9C000775CBB}.Release|x86.Build.0 = Release|Any CPU
		{EA51CC84-2541-47F7-97BD-A43191CFE315}.Debug|Any CPU.ActiveCfg = Debug|Any CPU
		{EA51CC84-2541-47F7-97BD-A43191CFE315}.Debug|Any CPU.Build.0 = Debug|Any CPU
		{EA51CC84-2541-47F7-97BD-A43191CFE315}.Debug|x64.ActiveCfg = Debug|Any CPU
		{EA51CC84-2541-47F7-97BD-A43191CFE315}.Debug|x64.Build.0 = Debug|Any CPU
		{EA51CC84-2541-47F7-97BD-A43191CFE315}.Debug|x86.ActiveCfg = Debug|Any CPU
		{EA51CC84-2541-47F7-97BD-A43191CFE315}.Debug|x86.Build.0 = Debug|Any CPU
		{EA51CC84-2541-47F7-97BD-A43191CFE315}.Release|Any CPU.ActiveCfg = Release|Any CPU
		{EA51CC84-2541-47F7-97BD-A43191CFE315}.Release|Any CPU.Build.0 = Release|Any CPU
		{EA51CC84-2541-47F7-97BD-A43191CFE315}.Release|x64.ActiveCfg = Release|Any CPU
		{EA51CC84-2541-47F7-97BD-A43191CFE315}.Release|x64.Build.0 = Release|Any CPU
		{EA51CC84-2541-47F7-97BD-A43191CFE315}.Release|x86.ActiveCfg = Release|Any CPU
		{EA51CC84-2541-47F7-97BD-A43191CFE315}.Release|x86.Build.0 = Release|Any CPU
		{B49026D0-383E-4CAA-BFC8-817E3329EDFD}.Debug|Any CPU.ActiveCfg = Debug|Any CPU
		{B49026D0-383E-4CAA-BFC8-817E3329EDFD}.Debug|Any CPU.Build.0 = Debug|Any CPU
		{B49026D0-383E-4CAA-BFC8-817E3329EDFD}.Debug|x64.ActiveCfg = Debug|Any CPU
		{B49026D0-383E-4CAA-BFC8-817E3329EDFD}.Debug|x64.Build.0 = Debug|Any CPU
		{B49026D0-383E-4CAA-BFC8-817E3329EDFD}.Debug|x86.ActiveCfg = Debug|Any CPU
		{B49026D0-383E-4CAA-BFC8-817E3329EDFD}.Debug|x86.Build.0 = Debug|Any CPU
		{B49026D0-383E-4CAA-BFC8-817E3329EDFD}.Release|Any CPU.ActiveCfg = Release|Any CPU
		{B49026D0-383E-4CAA-BFC8-817E3329EDFD}.Release|Any CPU.Build.0 = Release|Any CPU
		{B49026D0-383E-4CAA-BFC8-817E3329EDFD}.Release|x64.ActiveCfg = Release|Any CPU
		{B49026D0-383E-4CAA-BFC8-817E3329EDFD}.Release|x64.Build.0 = Release|Any CPU
		{B49026D0-383E-4CAA-BFC8-817E3329EDFD}.Release|x86.ActiveCfg = Release|Any CPU
		{B49026D0-383E-4CAA-BFC8-817E3329EDFD}.Release|x86.Build.0 = Release|Any CPU
		{84E2815C-15AB-441A-B2F3-36E8B66A47F2}.Debug|Any CPU.ActiveCfg = Debug|Any CPU
		{84E2815C-15AB-441A-B2F3-36E8B66A47F2}.Debug|Any CPU.Build.0 = Debug|Any CPU
		{84E2815C-15AB-441A-B2F3-36E8B66A47F2}.Debug|x64.ActiveCfg = Debug|Any CPU
		{84E2815C-15AB-441A-B2F3-36E8B66A47F2}.Debug|x64.Build.0 = Debug|Any CPU
		{84E2815C-15AB-441A-B2F3-36E8B66A47F2}.Debug|x86.ActiveCfg = Debug|Any CPU
		{84E2815C-15AB-441A-B2F3-36E8B66A47F2}.Debug|x86.Build.0 = Debug|Any CPU
		{84E2815C-15AB-441A-B2F3-36E8B66A47F2}.Release|Any CPU.ActiveCfg = Release|Any CPU
		{84E2815C-15AB-441A-B2F3-36E8B66A47F2}.Release|Any CPU.Build.0 = Release|Any CPU
		{84E2815C-15AB-441A-B2F3-36E8B66A47F2}.Release|x64.ActiveCfg = Release|Any CPU
		{84E2815C-15AB-441A-B2F3-36E8B66A47F2}.Release|x64.Build.0 = Release|Any CPU
		{84E2815C-15AB-441A-B2F3-36E8B66A47F2}.Release|x86.ActiveCfg = Release|Any CPU
		{84E2815C-15AB-441A-B2F3-36E8B66A47F2}.Release|x86.Build.0 = Release|Any CPU
		{8896FE29-A17E-473A-8E51-AEA89F89ABA0}.Debug|Any CPU.ActiveCfg = Debug|Any CPU
		{8896FE29-A17E-473A-8E51-AEA89F89ABA0}.Debug|Any CPU.Build.0 = Debug|Any CPU
		{8896FE29-A17E-473A-8E51-AEA89F89ABA0}.Debug|x64.ActiveCfg = Debug|Any CPU
		{8896FE29-A17E-473A-8E51-AEA89F89ABA0}.Debug|x64.Build.0 = Debug|Any CPU
		{8896FE29-A17E-473A-8E51-AEA89F89ABA0}.Debug|x86.ActiveCfg = Debug|Any CPU
		{8896FE29-A17E-473A-8E51-AEA89F89ABA0}.Debug|x86.Build.0 = Debug|Any CPU
		{8896FE29-A17E-473A-8E51-AEA89F89ABA0}.Release|Any CPU.ActiveCfg = Release|Any CPU
		{8896FE29-A17E-473A-8E51-AEA89F89ABA0}.Release|Any CPU.Build.0 = Release|Any CPU
		{8896FE29-A17E-473A-8E51-AEA89F89ABA0}.Release|x64.ActiveCfg = Release|Any CPU
		{8896FE29-A17E-473A-8E51-AEA89F89ABA0}.Release|x64.Build.0 = Release|Any CPU
		{8896FE29-A17E-473A-8E51-AEA89F89ABA0}.Release|x86.ActiveCfg = Release|Any CPU
		{8896FE29-A17E-473A-8E51-AEA89F89ABA0}.Release|x86.Build.0 = Release|Any CPU
		{14099103-06F4-4CBF-8B08-AD57B7E7B8AF}.Debug|Any CPU.ActiveCfg = Debug|Any CPU
		{14099103-06F4-4CBF-8B08-AD57B7E7B8AF}.Debug|Any CPU.Build.0 = Debug|Any CPU
		{14099103-06F4-4CBF-8B08-AD57B7E7B8AF}.Debug|x64.ActiveCfg = Debug|Any CPU
		{14099103-06F4-4CBF-8B08-AD57B7E7B8AF}.Debug|x64.Build.0 = Debug|Any CPU
		{14099103-06F4-4CBF-8B08-AD57B7E7B8AF}.Debug|x86.ActiveCfg = Debug|Any CPU
		{14099103-06F4-4CBF-8B08-AD57B7E7B8AF}.Debug|x86.Build.0 = Debug|Any CPU
		{14099103-06F4-4CBF-8B08-AD57B7E7B8AF}.Release|Any CPU.ActiveCfg = Release|Any CPU
		{14099103-06F4-4CBF-8B08-AD57B7E7B8AF}.Release|Any CPU.Build.0 = Release|Any CPU
		{14099103-06F4-4CBF-8B08-AD57B7E7B8AF}.Release|x64.ActiveCfg = Release|Any CPU
		{14099103-06F4-4CBF-8B08-AD57B7E7B8AF}.Release|x64.Build.0 = Release|Any CPU
		{14099103-06F4-4CBF-8B08-AD57B7E7B8AF}.Release|x86.ActiveCfg = Release|Any CPU
		{14099103-06F4-4CBF-8B08-AD57B7E7B8AF}.Release|x86.Build.0 = Release|Any CPU
		{247A3616-D9AE-4A76-89A0-8EB13734E0AD}.Debug|Any CPU.ActiveCfg = Debug|Any CPU
		{247A3616-D9AE-4A76-89A0-8EB13734E0AD}.Debug|Any CPU.Build.0 = Debug|Any CPU
		{247A3616-D9AE-4A76-89A0-8EB13734E0AD}.Debug|x64.ActiveCfg = Debug|Any CPU
		{247A3616-D9AE-4A76-89A0-8EB13734E0AD}.Debug|x64.Build.0 = Debug|Any CPU
		{247A3616-D9AE-4A76-89A0-8EB13734E0AD}.Debug|x86.ActiveCfg = Debug|Any CPU
		{247A3616-D9AE-4A76-89A0-8EB13734E0AD}.Debug|x86.Build.0 = Debug|Any CPU
		{247A3616-D9AE-4A76-89A0-8EB13734E0AD}.Release|Any CPU.ActiveCfg = Release|Any CPU
		{247A3616-D9AE-4A76-89A0-8EB13734E0AD}.Release|Any CPU.Build.0 = Release|Any CPU
		{247A3616-D9AE-4A76-89A0-8EB13734E0AD}.Release|x64.ActiveCfg = Release|Any CPU
		{247A3616-D9AE-4A76-89A0-8EB13734E0AD}.Release|x64.Build.0 = Release|Any CPU
		{247A3616-D9AE-4A76-89A0-8EB13734E0AD}.Release|x86.ActiveCfg = Release|Any CPU
		{247A3616-D9AE-4A76-89A0-8EB13734E0AD}.Release|x86.Build.0 = Release|Any CPU
	EndGlobalSection
	GlobalSection(SolutionProperties) = preSolution
		HideSolutionNode = FALSE
	EndGlobalSection
	GlobalSection(NestedProjects) = preSolution
		{AE6D552D-6819-4F64-AD89-3ACD7529616A} = {4885D135-2595-4AA5-9FCB-3578D46B2881}
		{4FD21A08-08FB-41F3-BE53-2A2339E1443D} = {4885D135-2595-4AA5-9FCB-3578D46B2881}
		{07054336-89D2-4571-9129-62C6D0387381} = {4885D135-2595-4AA5-9FCB-3578D46B2881}
		{36B0FFDB-CDBB-4258-898A-736CFB7FE6E2} = {AE6D552D-6819-4F64-AD89-3ACD7529616A}
		{35E31116-027F-444A-AC06-1D0CD4685BD1} = {AE6D552D-6819-4F64-AD89-3ACD7529616A}
		{75948931-6194-4BA0-8F31-72A0D04622B9} = {4FD21A08-08FB-41F3-BE53-2A2339E1443D}
		{952836B9-5929-4B9F-B38A-E6F1C4B6F3E4} = {4FD21A08-08FB-41F3-BE53-2A2339E1443D}
		{88578E9C-46BF-41CA-A4C7-93806992A1BE} = {4885D135-2595-4AA5-9FCB-3578D46B2881}
		{723267BA-1ED5-4C03-8A09-53B4EDD11751} = {4885D135-2595-4AA5-9FCB-3578D46B2881}
		{9E106977-529A-4C15-B92F-C9C000775CBB} = {723267BA-1ED5-4C03-8A09-53B4EDD11751}
		{EA51CC84-2541-47F7-97BD-A43191CFE315} = {706B5E84-9F31-4605-A197-D79D477B00E3}
		{B49026D0-383E-4CAA-BFC8-817E3329EDFD} = {706B5E84-9F31-4605-A197-D79D477B00E3}
		{84E2815C-15AB-441A-B2F3-36E8B66A47F2} = {706B5E84-9F31-4605-A197-D79D477B00E3}
		{8896FE29-A17E-473A-8E51-AEA89F89ABA0} = {706B5E84-9F31-4605-A197-D79D477B00E3}
		{14099103-06F4-4CBF-8B08-AD57B7E7B8AF} = {B64C16D0-FBB5-4390-A1D5-DCE63D76B908}
		{247A3616-D9AE-4A76-89A0-8EB13734E0AD} = {B64C16D0-FBB5-4390-A1D5-DCE63D76B908}
	EndGlobalSection
	GlobalSection(ExtensibilityGlobals) = postSolution
		SolutionGuid = {A73EAAA9-1ED4-46AB-984A-BFC28251B467}
	EndGlobalSection
EndGlobal
